
Microsoft Visual Studio Solution File, Format Version 11.00
# Visual Studio 2010
Project("{FAE04EC0-301F-11D3-BF4B-00C04F79EFBC}") = "Assembly-CSharp", "Assembly-CSharp.csproj", "{EA7EAB67-6B51-00FD-1B6A-1CBAE1F79845}"
EndProject
Project("{FAE04EC0-301F-11D3-BF4B-00C04F79EFBC}") = "Assembly-CSharp-firstpass", "Assembly-CSharp-firstpass.csproj", "{204746A9-9483-198B-5D9E-84C950363DF3}"
EndProject
Project("{FAE04EC0-301F-11D3-BF4B-00C04F79EFBC}") = "Assembly-CSharp-Editor", "Assembly-CSharp-Editor.csproj", "{536C3BA6-F4CC-92C8-4C68-AED5A477DB80}"
EndProject
Project("{FAE04EC0-301F-11D3-BF4B-00C04F79EFBC}") = "Assembly-CSharp-Editor-firstpass", "Assembly-CSharp-Editor-firstpass.csproj", "{22FD822E-4CC5-2F44-E61A-BDC9C5419909}"
EndProject
Global
	GlobalSection(SolutionConfigurationPlatforms) = preSolution
		Debug|Any CPU = Debug|Any CPU
		Release|Any CPU = Release|Any CPU
	EndGlobalSection
	GlobalSection(ProjectConfigurationPlatforms) = postSolution
		{EA7EAB67-6B51-00FD-1B6A-1CBAE1F79845}.Debug|Any CPU.ActiveCfg = Debug|Any CPU
		{EA7EAB67-6B51-00FD-1B6A-1CBAE1F79845}.Debug|Any CPU.Build.0 = Debug|Any CPU
		{EA7EAB67-6B51-00FD-1B6A-1CBAE1F79845}.Release|Any CPU.ActiveCfg = Release|Any CPU
		{EA7EAB67-6B51-00FD-1B6A-1CBAE1F79845}.Release|Any CPU.Build.0 = Release|Any CPU
		{204746A9-9483-198B-5D9E-84C950363DF3}.Debug|Any CPU.ActiveCfg = Debug|Any CPU
		{204746A9-9483-198B-5D9E-84C950363DF3}.Debug|Any CPU.Build.0 = Debug|Any CPU
		{204746A9-9483-198B-5D9E-84C950363DF3}.Release|Any CPU.ActiveCfg = Release|Any CPU
		{204746A9-9483-198B-5D9E-84C950363DF3}.Release|Any CPU.Build.0 = Release|Any CPU
		{536C3BA6-F4CC-92C8-4C68-AED5A477DB80}.Debug|Any CPU.ActiveCfg = Debug|Any CPU
		{536C3BA6-F4CC-92C8-4C68-AED5A477DB80}.Debug|Any CPU.Build.0 = Debug|Any CPU
		{536C3BA6-F4CC-92C8-4C68-AED5A477DB80}.Release|Any CPU.ActiveCfg = Release|Any CPU
		{536C3BA6-F4CC-92C8-4C68-AED5A477DB80}.Release|Any CPU.Build.0 = Release|Any CPU
		{22FD822E-4CC5-2F44-E61A-BDC9C5419909}.Debug|Any CPU.ActiveCfg = Debug|Any CPU
		{22FD822E-4CC5-2F44-E61A-BDC9C5419909}.Debug|Any CPU.Build.0 = Debug|Any CPU
		{22FD822E-4CC5-2F44-E61A-BDC9C5419909}.Release|Any CPU.ActiveCfg = Release|Any CPU
		{22FD822E-4CC5-2F44-E61A-BDC9C5419909}.Release|Any CPU.Build.0 = Release|Any CPU
	EndGlobalSection
	GlobalSection(SolutionProperties) = preSolution
		HideSolutionNode = FALSE
	EndGlobalSection
	GlobalSection(MonoDevelopProperties) = preSolution
		StartupItem = Assembly-CSharp.csproj
	EndGlobalSection
EndGlobal
